
Microsoft Visual Studio Solution File, Format Version 12.00
# Visual Studio Version 17
VisualStudioVersion = 17.2.32519.379
MinimumVisualStudioVersion = 10.0.40219.1
Project("{9A19103F-16F7-4668-BE54-9A1E7A4F7556}") = "SeleniumPractise", "SeleniumPractise.csproj", "{F3C7330E-08ED-474C-997A-C0575EFB29C6}"
EndProject
Global
	GlobalSection(SolutionConfigurationPlatforms) = preSolution
		Debug|Any CPU = Debug|Any CPU
		Release|Any CPU = Release|Any CPU
	EndGlobalSection
	GlobalSection(ProjectConfigurationPlatforms) = postSolution
		{F3C7330E-08ED-474C-997A-C0575EFB29C6}.Debug|Any CPU.ActiveCfg = Debug|Any CPU
		{F3C7330E-08ED-474C-997A-C0575EFB29C6}.Debug|Any CPU.Build.0 = Debug|Any CPU
		{F3C7330E-08ED-474C-997A-C0575EFB29C6}.Release|Any CPU.ActiveCfg = Release|Any CPU
		{F3C7330E-08ED-474C-997A-C0575EFB29C6}.Release|Any CPU.Build.0 = Release|Any CPU
	EndGlobalSection
	GlobalSection(SolutionProperties) = preSolution
		HideSolutionNode = FALSE
	EndGlobalSection
	GlobalSection(ExtensibilityGlobals) = postSolution
		SolutionGuid = {CB634857-CBCD-4973-B1CC-3F005F2A8814}
	EndGlobalSection
EndGlobal
